
Microsoft Visual Studio Solution File, Format Version 12.00
# Visual Studio Version 17
VisualStudioVersion = 17.2.32630.192
MinimumVisualStudioVersion = 10.0.40219.1
Project("{9A19103F-16F7-4668-BE54-9A1E7A4F7556}") = "Variables", "Variables\Variables.csproj", "{E80AE98B-C32F-4178-AD1F-9BFC50299E11}"
EndProject
Project("{9A19103F-16F7-4668-BE54-9A1E7A4F7556}") = "Operators", "Operators\Operators.csproj", "{52B4D7C1-0ACF-45A9-A375-0B07052C13DA}"
EndProject
Project("{9A19103F-16F7-4668-BE54-9A1E7A4F7556}") = "Type Conversions", "Type Conversions\Type Conversions.csproj", "{F241DE52-9D04-46F9-955B-3A7E74843545}"
EndProject
Project("{9A19103F-16F7-4668-BE54-9A1E7A4F7556}") = "Decision Making", "Decision Making\Decision Making.csproj", "{733822C1-618A-4C0B-8B5A-CF9F6BF778BF}"
EndProject
Project("{9A19103F-16F7-4668-BE54-9A1E7A4F7556}") = "Exception Handling", "Exception Handling\Exception Handling.csproj", "{9FBF961F-92DA-4D2B-BB58-9897C73BFB53}"
EndProject
Project("{9A19103F-16F7-4668-BE54-9A1E7A4F7556}") = "Loops", "Loops\Loops.csproj", "{F1EFE83C-366A-43E9-A487-2348F625BEE3}"
EndProject
Project("{9A19103F-16F7-4668-BE54-9A1E7A4F7556}") = "Arrays", "Arrays\Arrays.csproj", "{47BF67B0-624B-48AF-BA3E-3D6482A60892}"
EndProject
Project("{9A19103F-16F7-4668-BE54-9A1E7A4F7556}") = "Methods", "Methods\Methods.csproj", "{088EF143-A549-4B06-B606-AFF59CC9545B}"
EndProject
Project("{9A19103F-16F7-4668-BE54-9A1E7A4F7556}") = "CSharpMethods", "CSharpMethods\CSharpMethods.csproj", "{047047FD-7ECF-471D-A241-821D04AB6483}"
EndProject
Project("{9A19103F-16F7-4668-BE54-9A1E7A4F7556}") = "Collections", "Collections\Collections.csproj", "{09D3F437-EC7F-491C-9A3A-34FCC4B65335}"
EndProject
Project("{9A19103F-16F7-4668-BE54-9A1E7A4F7556}") = "Dictionary", "Dictionary\Dictionary.csproj", "{C76A9F21-28A6-4CB2-BBB5-AF052D631137}"
EndProject
Project("{9A19103F-16F7-4668-BE54-9A1E7A4F7556}") = "Homework 1", "Homework 1\Homework 1.csproj", "{81DAC6D1-FC50-43A4-AEC5-E19E52258F06}"
EndProject
Project("{9A19103F-16F7-4668-BE54-9A1E7A4F7556}") = "Class", "Class\Class.csproj", "{AB9D6157-8195-405B-B42A-3EA60657C816}"
EndProject
Project("{9A19103F-16F7-4668-BE54-9A1E7A4F7556}") = "Static Class And Struct", "Static Class\Static Class And Struct.csproj", "{FF987A27-754F-4AD3-893A-3179401CDFE5}"
EndProject
Project("{9A19103F-16F7-4668-BE54-9A1E7A4F7556}") = "Enum", "Enum\Enum.csproj", "{3B63D901-70E3-4941-BDFC-03286D481E33}"
EndProject
Project("{FAE04EC0-301F-11D3-BF4B-00C04F79EFBC}") = "OOP", "OOP\OOP.csproj", "{0013AFA7-1DE7-4209-B262-E3ECD491F72C}"
EndProject
Global
	GlobalSection(SolutionConfigurationPlatforms) = preSolution
		Debug|Any CPU = Debug|Any CPU
		Release|Any CPU = Release|Any CPU
	EndGlobalSection
	GlobalSection(ProjectConfigurationPlatforms) = postSolution
		{E80AE98B-C32F-4178-AD1F-9BFC50299E11}.Debug|Any CPU.ActiveCfg = Debug|Any CPU
		{E80AE98B-C32F-4178-AD1F-9BFC50299E11}.Debug|Any CPU.Build.0 = Debug|Any CPU
		{E80AE98B-C32F-4178-AD1F-9BFC50299E11}.Release|Any CPU.ActiveCfg = Release|Any CPU
		{E80AE98B-C32F-4178-AD1F-9BFC50299E11}.Release|Any CPU.Build.0 = Release|Any CPU
		{52B4D7C1-0ACF-45A9-A375-0B07052C13DA}.Debug|Any CPU.ActiveCfg = Debug|Any CPU
		{52B4D7C1-0ACF-45A9-A375-0B07052C13DA}.Debug|Any CPU.Build.0 = Debug|Any CPU
		{52B4D7C1-0ACF-45A9-A375-0B07052C13DA}.Release|Any CPU.ActiveCfg = Release|Any CPU
		{52B4D7C1-0ACF-45A9-A375-0B07052C13DA}.Release|Any CPU.Build.0 = Release|Any CPU
		{F241DE52-9D04-46F9-955B-3A7E74843545}.Debug|Any CPU.ActiveCfg = Debug|Any CPU
		{F241DE52-9D04-46F9-955B-3A7E74843545}.Debug|Any CPU.Build.0 = Debug|Any CPU
		{F241DE52-9D04-46F9-955B-3A7E74843545}.Release|Any CPU.ActiveCfg = Release|Any CPU
		{F241DE52-9D04-46F9-955B-3A7E74843545}.Release|Any CPU.Build.0 = Release|Any CPU
		{733822C1-618A-4C0B-8B5A-CF9F6BF778BF}.Debug|Any CPU.ActiveCfg = Debug|Any CPU
		{733822C1-618A-4C0B-8B5A-CF9F6BF778BF}.Debug|Any CPU.Build.0 = Debug|Any CPU
		{733822C1-618A-4C0B-8B5A-CF9F6BF778BF}.Release|Any CPU.ActiveCfg = Release|Any CPU
		{733822C1-618A-4C0B-8B5A-CF9F6BF778BF}.Release|Any CPU.Build.0 = Release|Any CPU
		{9FBF961F-92DA-4D2B-BB58-9897C73BFB53}.Debug|Any CPU.ActiveCfg = Debug|Any CPU
		{9FBF961F-92DA-4D2B-BB58-9897C73BFB53}.Debug|Any CPU.Build.0 = Debug|Any CPU
		{9FBF961F-92DA-4D2B-BB58-9897C73BFB53}.Release|Any CPU.ActiveCfg = Release|Any CPU
		{9FBF961F-92DA-4D2B-BB58-9897C73BFB53}.Release|Any CPU.Build.0 = Release|Any CPU
		{F1EFE83C-366A-43E9-A487-2348F625BEE3}.Debug|Any CPU.ActiveCfg = Debug|Any CPU
		{F1EFE83C-366A-43E9-A487-2348F625BEE3}.Debug|Any CPU.Build.0 = Debug|Any CPU
		{F1EFE83C-366A-43E9-A487-2348F625BEE3}.Release|Any CPU.ActiveCfg = Release|Any CPU
		{F1EFE83C-366A-43E9-A487-2348F625BEE3}.Release|Any CPU.Build.0 = Release|Any CPU
		{47BF67B0-624B-48AF-BA3E-3D6482A60892}.Debug|Any CPU.ActiveCfg = Debug|Any CPU
		{47BF67B0-624B-48AF-BA3E-3D6482A60892}.Debug|Any CPU.Build.0 = Debug|Any CPU
		{47BF67B0-624B-48AF-BA3E-3D6482A60892}.Release|Any CPU.ActiveCfg = Release|Any CPU
		{47BF67B0-624B-48AF-BA3E-3D6482A60892}.Release|Any CPU.Build.0 = Release|Any CPU
		{088EF143-A549-4B06-B606-AFF59CC9545B}.Debug|Any CPU.ActiveCfg = Debug|Any CPU
		{088EF143-A549-4B06-B606-AFF59CC9545B}.Debug|Any CPU.Build.0 = Debug|Any CPU
		{088EF143-A549-4B06-B606-AFF59CC9545B}.Release|Any CPU.ActiveCfg = Release|Any CPU
		{088EF143-A549-4B06-B606-AFF59CC9545B}.Release|Any CPU.Build.0 = Release|Any CPU
		{047047FD-7ECF-471D-A241-821D04AB6483}.Debug|Any CPU.ActiveCfg = Debug|Any CPU
		{047047FD-7ECF-471D-A241-821D04AB6483}.Debug|Any CPU.Build.0 = Debug|Any CPU
		{047047FD-7ECF-471D-A241-821D04AB6483}.Release|Any CPU.ActiveCfg = Release|Any CPU
		{047047FD-7ECF-471D-A241-821D04AB6483}.Release|Any CPU.Build.0 = Release|Any CPU
		{09D3F437-EC7F-491C-9A3A-34FCC4B65335}.Debug|Any CPU.ActiveCfg = Debug|Any CPU
		{09D3F437-EC7F-491C-9A3A-34FCC4B65335}.Debug|Any CPU.Build.0 = Debug|Any CPU
		{09D3F437-EC7F-491C-9A3A-34FCC4B65335}.Release|Any CPU.ActiveCfg = Release|Any CPU
		{09D3F437-EC7F-491C-9A3A-34FCC4B65335}.Release|Any CPU.Build.0 = Release|Any CPU
		{C76A9F21-28A6-4CB2-BBB5-AF052D631137}.Debug|Any CPU.ActiveCfg = Debug|Any CPU
		{C76A9F21-28A6-4CB2-BBB5-AF052D631137}.Debug|Any CPU.Build.0 = Debug|Any CPU
		{C76A9F21-28A6-4CB2-BBB5-AF052D631137}.Release|Any CPU.ActiveCfg = Release|Any CPU
		{C76A9F21-28A6-4CB2-BBB5-AF052D631137}.Release|Any CPU.Build.0 = Release|Any CPU
		{81DAC6D1-FC50-43A4-AEC5-E19E52258F06}.Debug|Any CPU.ActiveCfg = Debug|Any CPU
		{81DAC6D1-FC50-43A4-AEC5-E19E52258F06}.Debug|Any CPU.Build.0 = Debug|Any CPU
		{81DAC6D1-FC50-43A4-AEC5-E19E52258F06}.Release|Any CPU.ActiveCfg = Release|Any CPU
		{81DAC6D1-FC50-43A4-AEC5-E19E52258F06}.Release|Any CPU.Build.0 = Release|Any CPU
		{AB9D6157-8195-405B-B42A-3EA60657C816}.Debug|Any CPU.ActiveCfg = Debug|Any CPU
		{AB9D6157-8195-405B-B42A-3EA60657C816}.Debug|Any CPU.Build.0 = Debug|Any CPU
		{AB9D6157-8195-405B-B42A-3EA60657C816}.Release|Any CPU.ActiveCfg = Release|Any CPU
		{AB9D6157-8195-405B-B42A-3EA60657C816}.Release|Any CPU.Build.0 = Release|Any CPU
		{FF987A27-754F-4AD3-893A-3179401CDFE5}.Debug|Any CPU.ActiveCfg = Debug|Any CPU
		{FF987A27-754F-4AD3-893A-3179401CDFE5}.Debug|Any CPU.Build.0 = Debug|Any CPU
		{FF987A27-754F-4AD3-893A-3179401CDFE5}.Release|Any CPU.ActiveCfg = Release|Any CPU
		{FF987A27-754F-4AD3-893A-3179401CDFE5}.Release|Any CPU.Build.0 = Release|Any CPU
		{3B63D901-70E3-4941-BDFC-03286D481E33}.Debug|Any CPU.ActiveCfg = Debug|Any CPU
		{3B63D901-70E3-4941-BDFC-03286D481E33}.Debug|Any CPU.Build.0 = Debug|Any CPU
		{3B63D901-70E3-4941-BDFC-03286D481E33}.Release|Any CPU.ActiveCfg = Release|Any CPU
		{3B63D901-70E3-4941-BDFC-03286D481E33}.Release|Any CPU.Build.0 = Release|Any CPU
		{0013AFA7-1DE7-4209-B262-E3ECD491F72C}.Debug|Any CPU.ActiveCfg = Debug|Any CPU
		{0013AFA7-1DE7-4209-B262-E3ECD491F72C}.Debug|Any CPU.Build.0 = Debug|Any CPU
		{0013AFA7-1DE7-4209-B262-E3ECD491F72C}.Release|Any CPU.ActiveCfg = Release|Any CPU
		{0013AFA7-1DE7-4209-B262-E3ECD491F72C}.Release|Any CPU.Build.0 = Release|Any CPU
	EndGlobalSection
	GlobalSection(SolutionProperties) = preSolution
		HideSolutionNode = FALSE
	EndGlobalSection
	GlobalSection(ExtensibilityGlobals) = postSolution
		SolutionGuid = {728A0178-E9D4-4E71-9A32-50388F8DC1AB}
	EndGlobalSection
EndGlobal
